
Microsoft Visual Studio Solution File, Format Version 12.00
# Visual Studio Version 16
VisualStudioVersion = 16.0.30114.105
MinimumVisualStudioVersion = 10.0.40219.1
Project("{FAE04EC0-301F-11D3-BF4B-00C04F79EFBC}") = "Penguin.Workers.Repositories.Local", "Penguin.Workers.Repositories.Local.csproj", "{12F5F08A-63EC-480B-AF94-8705CBB7EF06}"
EndProject
Project("{FAE04EC0-301F-11D3-BF4B-00C04F79EFBC}") = "Penguin.Cms.Workers.Entities.Local", "..\Penguin.Cms.Workers.Entities\Penguin.Cms.Workers.Entities.Local.csproj", "{62864B89-2293-4286-A5D7-B5506B863AB4}"
EndProject
Project("{FAE04EC0-301F-11D3-BF4B-00C04F79EFBC}") = "Penguin.Auditing.Abstractions.Local", "..\Penguin.Auditing.Abstractions\Penguin.Auditing.Abstractions.Local.csproj", "{3F79A650-E98F-4749-9FAF-37A023014A01}"
EndProject
Project("{FAE04EC0-301F-11D3-BF4B-00C04F79EFBC}") = "Penguin.Cms.Entities.Local", "..\Penguin.Cms.Entities\Penguin.Cms.Entities.Local.csproj", "{164694C7-9609-4218-A0CD-D724FE26126D}"
EndProject
Project("{FAE04EC0-301F-11D3-BF4B-00C04F79EFBC}") = "Penguin.Persistence.Abstractions.Local", "..\Penguin.Persistence.Abstractions\Penguin.Persistence.Abstractions.Local.csproj", "{85291633-C3C3-4E99-98EB-5A4C2A9167C0}"
EndProject
Project("{FAE04EC0-301F-11D3-BF4B-00C04F79EFBC}") = "Penguin.Entities.Abstractions.Local", "..\Penguin.Entities.Abstractions\Penguin.Entities.Abstractions.Local.csproj", "{70FC0DD4-9E64-4BAB-9424-85B7EEE24DA8}"
EndProject
Project("{FAE04EC0-301F-11D3-BF4B-00C04F79EFBC}") = "Penguin.Reflection.Extensions.Local", "..\Penguin.Reflection.Extensions\Penguin.Reflection.Extensions.Local.csproj", "{CE5AFBC8-1E96-477A-8251-87B02E872C93}"
EndProject
Project("{FAE04EC0-301F-11D3-BF4B-00C04F79EFBC}") = "Penguin.Reflection.Abstractions.Local", "..\Penguin.Reflection.Abstractions\Penguin.Reflection.Abstractions.Local.csproj", "{A783A81F-5D12-466E-8F26-4E35AA29FAAB}"
EndProject
Project("{FAE04EC0-301F-11D3-BF4B-00C04F79EFBC}") = "Penguin.Extensions.String.Local", "..\Penguin.Extensions.String\Penguin.Extensions.String.Local.csproj", "{A394A924-CFDF-4D9F-8EFA-3043A76CEA5A}"
EndProject
Project("{FAE04EC0-301F-11D3-BF4B-00C04F79EFBC}") = "Penguin.Cms.Repositories.Local", "..\Penguin.Cms.Repositories\Penguin.Cms.Repositories.Local.csproj", "{E2AC86A3-936C-4873-8A6D-11435DAF4EE0}"
EndProject
Project("{FAE04EC0-301F-11D3-BF4B-00C04F79EFBC}") = "Penguin.Persistence.Repositories.Local", "..\Penguin.Persistence.Repositories\Penguin.Persistence.Repositories.Local.csproj", "{A56EDA5F-F979-4393-B1CD-A4037BA02544}"
EndProject
Project("{FAE04EC0-301F-11D3-BF4B-00C04F79EFBC}") = "Penguin.DependencyInjection.Abstractions.Local", "..\Penguin.DependencyInjection.Abstractions\Penguin.DependencyInjection.Abstractions.Local.csproj", "{C5BE6AB5-3DB8-48BF-BAF5-C5E1E9ECEBD3}"
EndProject
Project("{FAE04EC0-301F-11D3-BF4B-00C04F79EFBC}") = "Penguin.Messaging.Persistence.Local", "..\Penguin.Messaging.Persistence\Penguin.Messaging.Persistence.Local.csproj", "{E24993DA-9A1D-47A3-A79C-B0B85159842B}"
EndProject
Project("{FAE04EC0-301F-11D3-BF4B-00C04F79EFBC}") = "Penguin.Messaging.Abstractions.Local", "..\Penguin.Messaging.Abstractions\Penguin.Messaging.Abstractions.Local.csproj", "{E2AD2A5A-6DED-4927-9F3A-D1AC9972F55D}"
EndProject
Project("{FAE04EC0-301F-11D3-BF4B-00C04F79EFBC}") = "Penguin.Messaging.Core.Local", "..\Penguin.Messaging.Core\Penguin.Messaging.Core.Local.csproj", "{78F36080-E298-468B-AFF7-06E7E22ED802}"
EndProject
Project("{FAE04EC0-301F-11D3-BF4B-00C04F79EFBC}") = "Penguin.Debugging.Local", "..\Penguin.Debugging\Penguin.Debugging.Local.csproj", "{E77D9AF5-3B45-4E46-BC3A-C21C65E529CD}"
EndProject
Project("{FAE04EC0-301F-11D3-BF4B-00C04F79EFBC}") = "Penguin.Extensions.Exceptions.Local", "..\Penguin.Extensions.Exceptions\Penguin.Extensions.Exceptions.Local.csproj", "{91B6FAE5-F54A-4DED-B65D-29BDEF7CAE41}"
EndProject
Project("{FAE04EC0-301F-11D3-BF4B-00C04F79EFBC}") = "Penguin.FileStreams.Local", "..\Penguin.FileStreams\Penguin.FileStreams.Local.csproj", "{45C6E525-4A27-4F9E-BDDA-386BE59A3A89}"
EndProject
Project("{FAE04EC0-301F-11D3-BF4B-00C04F79EFBC}") = "Penguin.Reflection.Local", "..\Penguin.Reflection\Penguin.Reflection.Local.csproj", "{AA3645CC-E2F3-4CA4-BB39-F0A8DB4BE3D0}"
EndProject
Global
	GlobalSection(SolutionConfigurationPlatforms) = preSolution
		Debug|Any CPU = Debug|Any CPU
		Debug|x64 = Debug|x64
		Debug|x86 = Debug|x86
		Release|Any CPU = Release|Any CPU
		Release|x64 = Release|x64
		Release|x86 = Release|x86
	EndGlobalSection
	GlobalSection(SolutionProperties) = preSolution
		HideSolutionNode = FALSE
	EndGlobalSection
	GlobalSection(ProjectConfigurationPlatforms) = postSolution
		{12F5F08A-63EC-480B-AF94-8705CBB7EF06}.Debug|Any CPU.ActiveCfg = Debug|Any CPU
		{12F5F08A-63EC-480B-AF94-8705CBB7EF06}.Debug|Any CPU.Build.0 = Debug|Any CPU
		{12F5F08A-63EC-480B-AF94-8705CBB7EF06}.Debug|x64.ActiveCfg = Debug|Any CPU
		{12F5F08A-63EC-480B-AF94-8705CBB7EF06}.Debug|x64.Build.0 = Debug|Any CPU
		{12F5F08A-63EC-480B-AF94-8705CBB7EF06}.Debug|x86.ActiveCfg = Debug|Any CPU
		{12F5F08A-63EC-480B-AF94-8705CBB7EF06}.Debug|x86.Build.0 = Debug|Any CPU
		{12F5F08A-63EC-480B-AF94-8705CBB7EF06}.Release|Any CPU.ActiveCfg = Release|Any CPU
		{12F5F08A-63EC-480B-AF94-8705CBB7EF06}.Release|Any CPU.Build.0 = Release|Any CPU
		{12F5F08A-63EC-480B-AF94-8705CBB7EF06}.Release|x64.ActiveCfg = Release|Any CPU
		{12F5F08A-63EC-480B-AF94-8705CBB7EF06}.Release|x64.Build.0 = Release|Any CPU
		{12F5F08A-63EC-480B-AF94-8705CBB7EF06}.Release|x86.ActiveCfg = Release|Any CPU
		{12F5F08A-63EC-480B-AF94-8705CBB7EF06}.Release|x86.Build.0 = Release|Any CPU
		{62864B89-2293-4286-A5D7-B5506B863AB4}.Debug|Any CPU.ActiveCfg = Debug|Any CPU
		{62864B89-2293-4286-A5D7-B5506B863AB4}.Debug|Any CPU.Build.0 = Debug|Any CPU
		{62864B89-2293-4286-A5D7-B5506B863AB4}.Debug|x64.ActiveCfg = Debug|Any CPU
		{62864B89-2293-4286-A5D7-B5506B863AB4}.Debug|x64.Build.0 = Debug|Any CPU
		{62864B89-2293-4286-A5D7-B5506B863AB4}.Debug|x86.ActiveCfg = Debug|Any CPU
		{62864B89-2293-4286-A5D7-B5506B863AB4}.Debug|x86.Build.0 = Debug|Any CPU
		{62864B89-2293-4286-A5D7-B5506B863AB4}.Release|Any CPU.ActiveCfg = Release|Any CPU
		{62864B89-2293-4286-A5D7-B5506B863AB4}.Release|Any CPU.Build.0 = Release|Any CPU
		{62864B89-2293-4286-A5D7-B5506B863AB4}.Release|x64.ActiveCfg = Release|Any CPU
		{62864B89-2293-4286-A5D7-B5506B863AB4}.Release|x64.Build.0 = Release|Any CPU
		{62864B89-2293-4286-A5D7-B5506B863AB4}.Release|x86.ActiveCfg = Release|Any CPU
		{62864B89-2293-4286-A5D7-B5506B863AB4}.Release|x86.Build.0 = Release|Any CPU
		{3F79A650-E98F-4749-9FAF-37A023014A01}.Debug|Any CPU.ActiveCfg = Debug|Any CPU
		{3F79A650-E98F-4749-9FAF-37A023014A01}.Debug|Any CPU.Build.0 = Debug|Any CPU
		{3F79A650-E98F-4749-9FAF-37A023014A01}.Debug|x64.ActiveCfg = Debug|Any CPU
		{3F79A650-E98F-4749-9FAF-37A023014A01}.Debug|x64.Build.0 = Debug|Any CPU
		{3F79A650-E98F-4749-9FAF-37A023014A01}.Debug|x86.ActiveCfg = Debug|Any CPU
		{3F79A650-E98F-4749-9FAF-37A023014A01}.Debug|x86.Build.0 = Debug|Any CPU
		{3F79A650-E98F-4749-9FAF-37A023014A01}.Release|Any CPU.ActiveCfg = Release|Any CPU
		{3F79A650-E98F-4749-9FAF-37A023014A01}.Release|Any CPU.Build.0 = Release|Any CPU
		{3F79A650-E98F-4749-9FAF-37A023014A01}.Release|x64.ActiveCfg = Release|Any CPU
		{3F79A650-E98F-4749-9FAF-37A023014A01}.Release|x64.Build.0 = Release|Any CPU
		{3F79A650-E98F-4749-9FAF-37A023014A01}.Release|x86.ActiveCfg = Release|Any CPU
		{3F79A650-E98F-4749-9FAF-37A023014A01}.Release|x86.Build.0 = Release|Any CPU
		{164694C7-9609-4218-A0CD-D724FE26126D}.Debug|Any CPU.ActiveCfg = Debug|Any CPU
		{164694C7-9609-4218-A0CD-D724FE26126D}.Debug|Any CPU.Build.0 = Debug|Any CPU
		{164694C7-9609-4218-A0CD-D724FE26126D}.Debug|x64.ActiveCfg = Debug|Any CPU
		{164694C7-9609-4218-A0CD-D724FE26126D}.Debug|x64.Build.0 = Debug|Any CPU
		{164694C7-9609-4218-A0CD-D724FE26126D}.Debug|x86.ActiveCfg = Debug|Any CPU
		{164694C7-9609-4218-A0CD-D724FE26126D}.Debug|x86.Build.0 = Debug|Any CPU
		{164694C7-9609-4218-A0CD-D724FE26126D}.Release|Any CPU.ActiveCfg = Release|Any CPU
		{164694C7-9609-4218-A0CD-D724FE26126D}.Release|Any CPU.Build.0 = Release|Any CPU
		{164694C7-9609-4218-A0CD-D724FE26126D}.Release|x64.ActiveCfg = Release|Any CPU
		{164694C7-9609-4218-A0CD-D724FE26126D}.Release|x64.Build.0 = Release|Any CPU
		{164694C7-9609-4218-A0CD-D724FE26126D}.Release|x86.ActiveCfg = Release|Any CPU
		{164694C7-9609-4218-A0CD-D724FE26126D}.Release|x86.Build.0 = Release|Any CPU
		{85291633-C3C3-4E99-98EB-5A4C2A9167C0}.Debug|Any CPU.ActiveCfg = Debug|Any CPU
		{85291633-C3C3-4E99-98EB-5A4C2A9167C0}.Debug|Any CPU.Build.0 = Debug|Any CPU
		{85291633-C3C3-4E99-98EB-5A4C2A9167C0}.Debug|x64.ActiveCfg = Debug|Any CPU
		{85291633-C3C3-4E99-98EB-5A4C2A9167C0}.Debug|x64.Build.0 = Debug|Any CPU
		{85291633-C3C3-4E99-98EB-5A4C2A9167C0}.Debug|x86.ActiveCfg = Debug|Any CPU
		{85291633-C3C3-4E99-98EB-5A4C2A9167C0}.Debug|x86.Build.0 = Debug|Any CPU
		{85291633-C3C3-4E99-98EB-5A4C2A9167C0}.Release|Any CPU.ActiveCfg = Release|Any CPU
		{85291633-C3C3-4E99-98EB-5A4C2A9167C0}.Release|Any CPU.Build.0 = Release|Any CPU
		{85291633-C3C3-4E99-98EB-5A4C2A9167C0}.Release|x64.ActiveCfg = Release|Any CPU
		{85291633-C3C3-4E99-98EB-5A4C2A9167C0}.Release|x64.Build.0 = Release|Any CPU
		{85291633-C3C3-4E99-98EB-5A4C2A9167C0}.Release|x86.ActiveCfg = Release|Any CPU
		{85291633-C3C3-4E99-98EB-5A4C2A9167C0}.Release|x86.Build.0 = Release|Any CPU
		{70FC0DD4-9E64-4BAB-9424-85B7EEE24DA8}.Debug|Any CPU.ActiveCfg = Debug|Any CPU
		{70FC0DD4-9E64-4BAB-9424-85B7EEE24DA8}.Debug|Any CPU.Build.0 = Debug|Any CPU
		{70FC0DD4-9E64-4BAB-9424-85B7EEE24DA8}.Debug|x64.ActiveCfg = Debug|Any CPU
		{70FC0DD4-9E64-4BAB-9424-85B7EEE24DA8}.Debug|x64.Build.0 = Debug|Any CPU
		{70FC0DD4-9E64-4BAB-9424-85B7EEE24DA8}.Debug|x86.ActiveCfg = Debug|Any CPU
		{70FC0DD4-9E64-4BAB-9424-85B7EEE24DA8}.Debug|x86.Build.0 = Debug|Any CPU
		{70FC0DD4-9E64-4BAB-9424-85B7EEE24DA8}.Release|Any CPU.ActiveCfg = Release|Any CPU
		{70FC0DD4-9E64-4BAB-9424-85B7EEE24DA8}.Release|Any CPU.Build.0 = Release|Any CPU
		{70FC0DD4-9E64-4BAB-9424-85B7EEE24DA8}.Release|x64.ActiveCfg = Release|Any CPU
		{70FC0DD4-9E64-4BAB-9424-85B7EEE24DA8}.Release|x64.Build.0 = Release|Any CPU
		{70FC0DD4-9E64-4BAB-9424-85B7EEE24DA8}.Release|x86.ActiveCfg = Release|Any CPU
		{70FC0DD4-9E64-4BAB-9424-85B7EEE24DA8}.Release|x86.Build.0 = Release|Any CPU
		{CE5AFBC8-1E96-477A-8251-87B02E872C93}.Debug|Any CPU.ActiveCfg = Debug|Any CPU
		{CE5AFBC8-1E96-477A-8251-87B02E872C93}.Debug|Any CPU.Build.0 = Debug|Any CPU
		{CE5AFBC8-1E96-477A-8251-87B02E872C93}.Debug|x64.ActiveCfg = Debug|Any CPU
		{CE5AFBC8-1E96-477A-8251-87B02E872C93}.Debug|x64.Build.0 = Debug|Any CPU
		{CE5AFBC8-1E96-477A-8251-87B02E872C93}.Debug|x86.ActiveCfg = Debug|Any CPU
		{CE5AFBC8-1E96-477A-8251-87B02E872C93}.Debug|x86.Build.0 = Debug|Any CPU
		{CE5AFBC8-1E96-477A-8251-87B02E872C93}.Release|Any CPU.ActiveCfg = Release|Any CPU
		{CE5AFBC8-1E96-477A-8251-87B02E872C93}.Release|Any CPU.Build.0 = Release|Any CPU
		{CE5AFBC8-1E96-477A-8251-87B02E872C93}.Release|x64.ActiveCfg = Release|Any CPU
		{CE5AFBC8-1E96-477A-8251-87B02E872C93}.Release|x64.Build.0 = Release|Any CPU
		{CE5AFBC8-1E96-477A-8251-87B02E872C93}.Release|x86.ActiveCfg = Release|Any CPU
		{CE5AFBC8-1E96-477A-8251-87B02E872C93}.Release|x86.Build.0 = Release|Any CPU
		{A783A81F-5D12-466E-8F26-4E35AA29FAAB}.Debug|Any CPU.ActiveCfg = Debug|Any CPU
		{A783A81F-5D12-466E-8F26-4E35AA29FAAB}.Debug|Any CPU.Build.0 = Debug|Any CPU
		{A783A81F-5D12-466E-8F26-4E35AA29FAAB}.Debug|x64.ActiveCfg = Debug|Any CPU
		{A783A81F-5D12-466E-8F26-4E35AA29FAAB}.Debug|x64.Build.0 = Debug|Any CPU
		{A783A81F-5D12-466E-8F26-4E35AA29FAAB}.Debug|x86.ActiveCfg = Debug|Any CPU
		{A783A81F-5D12-466E-8F26-4E35AA29FAAB}.Debug|x86.Build.0 = Debug|Any CPU
		{A783A81F-5D12-466E-8F26-4E35AA29FAAB}.Release|Any CPU.ActiveCfg = Release|Any CPU
		{A783A81F-5D12-466E-8F26-4E35AA29FAAB}.Release|Any CPU.Build.0 = Release|Any CPU
		{A783A81F-5D12-466E-8F26-4E35AA29FAAB}.Release|x64.ActiveCfg = Release|Any CPU
		{A783A81F-5D12-466E-8F26-4E35AA29FAAB}.Release|x64.Build.0 = Release|Any CPU
		{A783A81F-5D12-466E-8F26-4E35AA29FAAB}.Release|x86.ActiveCfg = Release|Any CPU
		{A783A81F-5D12-466E-8F26-4E35AA29FAAB}.Release|x86.Build.0 = Release|Any CPU
		{A394A924-CFDF-4D9F-8EFA-3043A76CEA5A}.Debug|Any CPU.ActiveCfg = Debug|Any CPU
		{A394A924-CFDF-4D9F-8EFA-3043A76CEA5A}.Debug|Any CPU.Build.0 = Debug|Any CPU
		{A394A924-CFDF-4D9F-8EFA-3043A76CEA5A}.Debug|x64.ActiveCfg = Debug|Any CPU
		{A394A924-CFDF-4D9F-8EFA-3043A76CEA5A}.Debug|x64.Build.0 = Debug|Any CPU
		{A394A924-CFDF-4D9F-8EFA-3043A76CEA5A}.Debug|x86.ActiveCfg = Debug|Any CPU
		{A394A924-CFDF-4D9F-8EFA-3043A76CEA5A}.Debug|x86.Build.0 = Debug|Any CPU
		{A394A924-CFDF-4D9F-8EFA-3043A76CEA5A}.Release|Any CPU.ActiveCfg = Release|Any CPU
		{A394A924-CFDF-4D9F-8EFA-3043A76CEA5A}.Release|Any CPU.Build.0 = Release|Any CPU
		{A394A924-CFDF-4D9F-8EFA-3043A76CEA5A}.Release|x64.ActiveCfg = Release|Any CPU
		{A394A924-CFDF-4D9F-8EFA-3043A76CEA5A}.Release|x64.Build.0 = Release|Any CPU
		{A394A924-CFDF-4D9F-8EFA-3043A76CEA5A}.Release|x86.ActiveCfg = Release|Any CPU
		{A394A924-CFDF-4D9F-8EFA-3043A76CEA5A}.Release|x86.Build.0 = Release|Any CPU
		{E2AC86A3-936C-4873-8A6D-11435DAF4EE0}.Debug|Any CPU.ActiveCfg = Debug|Any CPU
		{E2AC86A3-936C-4873-8A6D-11435DAF4EE0}.Debug|Any CPU.Build.0 = Debug|Any CPU
		{E2AC86A3-936C-4873-8A6D-11435DAF4EE0}.Debug|x64.ActiveCfg = Debug|Any CPU
		{E2AC86A3-936C-4873-8A6D-11435DAF4EE0}.Debug|x64.Build.0 = Debug|Any CPU
		{E2AC86A3-936C-4873-8A6D-11435DAF4EE0}.Debug|x86.ActiveCfg = Debug|Any CPU
		{E2AC86A3-936C-4873-8A6D-11435DAF4EE0}.Debug|x86.Build.0 = Debug|Any CPU
		{E2AC86A3-936C-4873-8A6D-11435DAF4EE0}.Release|Any CPU.ActiveCfg = Release|Any CPU
		{E2AC86A3-936C-4873-8A6D-11435DAF4EE0}.Release|Any CPU.Build.0 = Release|Any CPU
		{E2AC86A3-936C-4873-8A6D-11435DAF4EE0}.Release|x64.ActiveCfg = Release|Any CPU
		{E2AC86A3-936C-4873-8A6D-11435DAF4EE0}.Release|x64.Build.0 = Release|Any CPU
		{E2AC86A3-936C-4873-8A6D-11435DAF4EE0}.Release|x86.ActiveCfg = Release|Any CPU
		{E2AC86A3-936C-4873-8A6D-11435DAF4EE0}.Release|x86.Build.0 = Release|Any CPU
		{A56EDA5F-F979-4393-B1CD-A4037BA02544}.Debug|Any CPU.ActiveCfg = Debug|Any CPU
		{A56EDA5F-F979-4393-B1CD-A4037BA02544}.Debug|Any CPU.Build.0 = Debug|Any CPU
		{A56EDA5F-F979-4393-B1CD-A4037BA02544}.Debug|x64.ActiveCfg = Debug|Any CPU
		{A56EDA5F-F979-4393-B1CD-A4037BA02544}.Debug|x64.Build.0 = Debug|Any CPU
		{A56EDA5F-F979-4393-B1CD-A4037BA02544}.Debug|x86.ActiveCfg = Debug|Any CPU
		{A56EDA5F-F979-4393-B1CD-A4037BA02544}.Debug|x86.Build.0 = Debug|Any CPU
		{A56EDA5F-F979-4393-B1CD-A4037BA02544}.Release|Any CPU.ActiveCfg = Release|Any CPU
		{A56EDA5F-F979-4393-B1CD-A4037BA02544}.Release|Any CPU.Build.0 = Release|Any CPU
		{A56EDA5F-F979-4393-B1CD-A4037BA02544}.Release|x64.ActiveCfg = Release|Any CPU
		{A56EDA5F-F979-4393-B1CD-A4037BA02544}.Release|x64.Build.0 = Release|Any CPU
		{A56EDA5F-F979-4393-B1CD-A4037BA02544}.Release|x86.ActiveCfg = Release|Any CPU
		{A56EDA5F-F979-4393-B1CD-A4037BA02544}.Release|x86.Build.0 = Release|Any CPU
		{C5BE6AB5-3DB8-48BF-BAF5-C5E1E9ECEBD3}.Debug|Any CPU.ActiveCfg = Debug|Any CPU
		{C5BE6AB5-3DB8-48BF-BAF5-C5E1E9ECEBD3}.Debug|Any CPU.Build.0 = Debug|Any CPU
		{C5BE6AB5-3DB8-48BF-BAF5-C5E1E9ECEBD3}.Debug|x64.ActiveCfg = Debug|Any CPU
		{C5BE6AB5-3DB8-48BF-BAF5-C5E1E9ECEBD3}.Debug|x64.Build.0 = Debug|Any CPU
		{C5BE6AB5-3DB8-48BF-BAF5-C5E1E9ECEBD3}.Debug|x86.ActiveCfg = Debug|Any CPU
		{C5BE6AB5-3DB8-48BF-BAF5-C5E1E9ECEBD3}.Debug|x86.Build.0 = Debug|Any CPU
		{C5BE6AB5-3DB8-48BF-BAF5-C5E1E9ECEBD3}.Release|Any CPU.ActiveCfg = Release|Any CPU
		{C5BE6AB5-3DB8-48BF-BAF5-C5E1E9ECEBD3}.Release|Any CPU.Build.0 = Release|Any CPU
		{C5BE6AB5-3DB8-48BF-BAF5-C5E1E9ECEBD3}.Release|x64.ActiveCfg = Release|Any CPU
		{C5BE6AB5-3DB8-48BF-BAF5-C5E1E9ECEBD3}.Release|x64.Build.0 = Release|Any CPU
		{C5BE6AB5-3DB8-48BF-BAF5-C5E1E9ECEBD3}.Release|x86.ActiveCfg = Release|Any CPU
		{C5BE6AB5-3DB8-48BF-BAF5-C5E1E9ECEBD3}.Release|x86.Build.0 = Release|Any CPU
		{E24993DA-9A1D-47A3-A79C-B0B85159842B}.Debug|Any CPU.ActiveCfg = Debug|Any CPU
		{E24993DA-9A1D-47A3-A79C-B0B85159842B}.Debug|Any CPU.Build.0 = Debug|Any CPU
		{E24993DA-9A1D-47A3-A79C-B0B85159842B}.Debug|x64.ActiveCfg = Debug|Any CPU
		{E24993DA-9A1D-47A3-A79C-B0B85159842B}.Debug|x64.Build.0 = Debug|Any CPU
		{E24993DA-9A1D-47A3-A79C-B0B85159842B}.Debug|x86.ActiveCfg = Debug|Any CPU
		{E24993DA-9A1D-47A3-A79C-B0B85159842B}.Debug|x86.Build.0 = Debug|Any CPU
		{E24993DA-9A1D-47A3-A79C-B0B85159842B}.Release|Any CPU.ActiveCfg = Release|Any CPU
		{E24993DA-9A1D-47A3-A79C-B0B85159842B}.Release|Any CPU.Build.0 = Release|Any CPU
		{E24993DA-9A1D-47A3-A79C-B0B85159842B}.Release|x64.ActiveCfg = Release|Any CPU
		{E24993DA-9A1D-47A3-A79C-B0B85159842B}.Release|x64.Build.0 = Release|Any CPU
		{E24993DA-9A1D-47A3-A79C-B0B85159842B}.Release|x86.ActiveCfg = Release|Any CPU
		{E24993DA-9A1D-47A3-A79C-B0B85159842B}.Release|x86.Build.0 = Release|Any CPU
		{E2AD2A5A-6DED-4927-9F3A-D1AC9972F55D}.Debug|Any CPU.ActiveCfg = Debug|Any CPU
		{E2AD2A5A-6DED-4927-9F3A-D1AC9972F55D}.Debug|Any CPU.Build.0 = Debug|Any CPU
		{E2AD2A5A-6DED-4927-9F3A-D1AC9972F55D}.Debug|x64.ActiveCfg = Debug|Any CPU
		{E2AD2A5A-6DED-4927-9F3A-D1AC9972F55D}.Debug|x64.Build.0 = Debug|Any CPU
		{E2AD2A5A-6DED-4927-9F3A-D1AC9972F55D}.Debug|x86.ActiveCfg = Debug|Any CPU
		{E2AD2A5A-6DED-4927-9F3A-D1AC9972F55D}.Debug|x86.Build.0 = Debug|Any CPU
		{E2AD2A5A-6DED-4927-9F3A-D1AC9972F55D}.Release|Any CPU.ActiveCfg = Release|Any CPU
		{E2AD2A5A-6DED-4927-9F3A-D1AC9972F55D}.Release|Any CPU.Build.0 = Release|Any CPU
		{E2AD2A5A-6DED-4927-9F3A-D1AC9972F55D}.Release|x64.ActiveCfg = Release|Any CPU
		{E2AD2A5A-6DED-4927-9F3A-D1AC9972F55D}.Release|x64.Build.0 = Release|Any CPU
		{E2AD2A5A-6DED-4927-9F3A-D1AC9972F55D}.Release|x86.ActiveCfg = Release|Any CPU
		{E2AD2A5A-6DED-4927-9F3A-D1AC9972F55D}.Release|x86.Build.0 = Release|Any CPU
		{78F36080-E298-468B-AFF7-06E7E22ED802}.Debug|Any CPU.ActiveCfg = Debug|Any CPU
		{78F36080-E298-468B-AFF7-06E7E22ED802}.Debug|Any CPU.Build.0 = Debug|Any CPU
		{78F36080-E298-468B-AFF7-06E7E22ED802}.Debug|x64.ActiveCfg = Debug|Any CPU
		{78F36080-E298-468B-AFF7-06E7E22ED802}.Debug|x64.Build.0 = Debug|Any CPU
		{78F36080-E298-468B-AFF7-06E7E22ED802}.Debug|x86.ActiveCfg = Debug|Any CPU
		{78F36080-E298-468B-AFF7-06E7E22ED802}.Debug|x86.Build.0 = Debug|Any CPU
		{78F36080-E298-468B-AFF7-06E7E22ED802}.Release|Any CPU.ActiveCfg = Release|Any CPU
		{78F36080-E298-468B-AFF7-06E7E22ED802}.Release|Any CPU.Build.0 = Release|Any CPU
		{78F36080-E298-468B-AFF7-06E7E22ED802}.Release|x64.ActiveCfg = Release|Any CPU
		{78F36080-E298-468B-AFF7-06E7E22ED802}.Release|x64.Build.0 = Release|Any CPU
		{78F36080-E298-468B-AFF7-06E7E22ED802}.Release|x86.ActiveCfg = Release|Any CPU
		{78F36080-E298-468B-AFF7-06E7E22ED802}.Release|x86.Build.0 = Release|Any CPU
		{E77D9AF5-3B45-4E46-BC3A-C21C65E529CD}.Debug|Any CPU.ActiveCfg = Debug|Any CPU
		{E77D9AF5-3B45-4E46-BC3A-C21C65E529CD}.Debug|Any CPU.Build.0 = Debug|Any CPU
		{E77D9AF5-3B45-4E46-BC3A-C21C65E529CD}.Debug|x64.ActiveCfg = Debug|Any CPU
		{E77D9AF5-3B45-4E46-BC3A-C21C65E529CD}.Debug|x64.Build.0 = Debug|Any CPU
		{E77D9AF5-3B45-4E46-BC3A-C21C65E529CD}.Debug|x86.ActiveCfg = Debug|Any CPU
		{E77D9AF5-3B45-4E46-BC3A-C21C65E529CD}.Debug|x86.Build.0 = Debug|Any CPU
		{E77D9AF5-3B45-4E46-BC3A-C21C65E529CD}.Release|Any CPU.ActiveCfg = Release|Any CPU
		{E77D9AF5-3B45-4E46-BC3A-C21C65E529CD}.Release|Any CPU.Build.0 = Release|Any CPU
		{E77D9AF5-3B45-4E46-BC3A-C21C65E529CD}.Release|x64.ActiveCfg = Release|Any CPU
		{E77D9AF5-3B45-4E46-BC3A-C21C65E529CD}.Release|x64.Build.0 = Release|Any CPU
		{E77D9AF5-3B45-4E46-BC3A-C21C65E529CD}.Release|x86.ActiveCfg = Release|Any CPU
		{E77D9AF5-3B45-4E46-BC3A-C21C65E529CD}.Release|x86.Build.0 = Release|Any CPU
		{91B6FAE5-F54A-4DED-B65D-29BDEF7CAE41}.Debug|Any CPU.ActiveCfg = Debug|Any CPU
		{91B6FAE5-F54A-4DED-B65D-29BDEF7CAE41}.Debug|Any CPU.Build.0 = Debug|Any CPU
		{91B6FAE5-F54A-4DED-B65D-29BDEF7CAE41}.Debug|x64.ActiveCfg = Debug|Any CPU
		{91B6FAE5-F54A-4DED-B65D-29BDEF7CAE41}.Debug|x64.Build.0 = Debug|Any CPU
		{91B6FAE5-F54A-4DED-B65D-29BDEF7CAE41}.Debug|x86.ActiveCfg = Debug|Any CPU
		{91B6FAE5-F54A-4DED-B65D-29BDEF7CAE41}.Debug|x86.Build.0 = Debug|Any CPU
		{91B6FAE5-F54A-4DED-B65D-29BDEF7CAE41}.Release|Any CPU.ActiveCfg = Release|Any CPU
		{91B6FAE5-F54A-4DED-B65D-29BDEF7CAE41}.Release|Any CPU.Build.0 = Release|Any CPU
		{91B6FAE5-F54A-4DED-B65D-29BDEF7CAE41}.Release|x64.ActiveCfg = Release|Any CPU
		{91B6FAE5-F54A-4DED-B65D-29BDEF7CAE41}.Release|x64.Build.0 = Release|Any CPU
		{91B6FAE5-F54A-4DED-B65D-29BDEF7CAE41}.Release|x86.ActiveCfg = Release|Any CPU
		{91B6FAE5-F54A-4DED-B65D-29BDEF7CAE41}.Release|x86.Build.0 = Release|Any CPU
		{45C6E525-4A27-4F9E-BDDA-386BE59A3A89}.Debug|Any CPU.ActiveCfg = Debug|Any CPU
		{45C6E525-4A27-4F9E-BDDA-386BE59A3A89}.Debug|Any CPU.Build.0 = Debug|Any CPU
		{45C6E525-4A27-4F9E-BDDA-386BE59A3A89}.Debug|x64.ActiveCfg = Debug|Any CPU
		{45C6E525-4A27-4F9E-BDDA-386BE59A3A89}.Debug|x64.Build.0 = Debug|Any CPU
		{45C6E525-4A27-4F9E-BDDA-386BE59A3A89}.Debug|x86.ActiveCfg = Debug|Any CPU
		{45C6E525-4A27-4F9E-BDDA-386BE59A3A89}.Debug|x86.Build.0 = Debug|Any CPU
		{45C6E525-4A27-4F9E-BDDA-386BE59A3A89}.Release|Any CPU.ActiveCfg = Release|Any CPU
		{45C6E525-4A27-4F9E-BDDA-386BE59A3A89}.Release|Any CPU.Build.0 = Release|Any CPU
		{45C6E525-4A27-4F9E-BDDA-386BE59A3A89}.Release|x64.ActiveCfg = Release|Any CPU
		{45C6E525-4A27-4F9E-BDDA-386BE59A3A89}.Release|x64.Build.0 = Release|Any CPU
		{45C6E525-4A27-4F9E-BDDA-386BE59A3A89}.Release|x86.ActiveCfg = Release|Any CPU
		{45C6E525-4A27-4F9E-BDDA-386BE59A3A89}.Release|x86.Build.0 = Release|Any CPU
		{AA3645CC-E2F3-4CA4-BB39-F0A8DB4BE3D0}.Debug|Any CPU.ActiveCfg = Debug|Any CPU
		{AA3645CC-E2F3-4CA4-BB39-F0A8DB4BE3D0}.Debug|Any CPU.Build.0 = Debug|Any CPU
		{AA3645CC-E2F3-4CA4-BB39-F0A8DB4BE3D0}.Debug|x64.ActiveCfg = Debug|Any CPU
		{AA3645CC-E2F3-4CA4-BB39-F0A8DB4BE3D0}.Debug|x64.Build.0 = Debug|Any CPU
		{AA3645CC-E2F3-4CA4-BB39-F0A8DB4BE3D0}.Debug|x86.ActiveCfg = Debug|Any CPU
		{AA3645CC-E2F3-4CA4-BB39-F0A8DB4BE3D0}.Debug|x86.Build.0 = Debug|Any CPU
		{AA3645CC-E2F3-4CA4-BB39-F0A8DB4BE3D0}.Release|Any CPU.ActiveCfg = Release|Any CPU
		{AA3645CC-E2F3-4CA4-BB39-F0A8DB4BE3D0}.Release|Any CPU.Build.0 = Release|Any CPU
		{AA3645CC-E2F3-4CA4-BB39-F0A8DB4BE3D0}.Release|x64.ActiveCfg = Release|Any CPU
		{AA3645CC-E2F3-4CA4-BB39-F0A8DB4BE3D0}.Release|x64.Build.0 = Release|Any CPU
		{AA3645CC-E2F3-4CA4-BB39-F0A8DB4BE3D0}.Release|x86.ActiveCfg = Release|Any CPU
		{AA3645CC-E2F3-4CA4-BB39-F0A8DB4BE3D0}.Release|x86.Build.0 = Release|Any CPU
	EndGlobalSection
EndGlobal
